
Microsoft Visual Studio Solution File, Format Version 12.00
# Visual Studio Version 17
VisualStudioVersion = 17.0.32112.339
MinimumVisualStudioVersion = 10.0.40219.1
Project("{9A19103F-16F7-4668-BE54-9A1E7A4F7556}") = "AuthTest", "AuthTest\AuthTest.csproj", "{43DF5A72-A0F2-4138-80EB-9ED5B456894E}"
EndProject
Project("{FAE04EC0-301F-11D3-BF4B-00C04F79EFBC}") = "SomeOtherApi", "SomeOtherApi\SomeOtherApi.csproj", "{EF0885D5-AE18-4AF0-94C2-535C3ED8C428}"
EndProject
Global
	GlobalSection(SolutionConfigurationPlatforms) = preSolution
		Debug|Any CPU = Debug|Any CPU
		Release|Any CPU = Release|Any CPU
	EndGlobalSection
	GlobalSection(ProjectConfigurationPlatforms) = postSolution
		{43DF5A72-A0F2-4138-80EB-9ED5B456894E}.Debug|Any CPU.ActiveCfg = Debug|Any CPU
		{43DF5A72-A0F2-4138-80EB-9ED5B456894E}.Debug|Any CPU.Build.0 = Debug|Any CPU
		{43DF5A72-A0F2-4138-80EB-9ED5B456894E}.Release|Any CPU.ActiveCfg = Release|Any CPU
		{43DF5A72-A0F2-4138-80EB-9ED5B456894E}.Release|Any CPU.Build.0 = Release|Any CPU
		{EF0885D5-AE18-4AF0-94C2-535C3ED8C428}.Debug|Any CPU.ActiveCfg = Debug|Any CPU
		{EF0885D5-AE18-4AF0-94C2-535C3ED8C428}.Debug|Any CPU.Build.0 = Debug|Any CPU
		{EF0885D5-AE18-4AF0-94C2-535C3ED8C428}.Release|Any CPU.ActiveCfg = Release|Any CPU
		{EF0885D5-AE18-4AF0-94C2-535C3ED8C428}.Release|Any CPU.Build.0 = Release|Any CPU
	EndGlobalSection
	GlobalSection(SolutionProperties) = preSolution
		HideSolutionNode = FALSE
	EndGlobalSection
	GlobalSection(ExtensibilityGlobals) = postSolution
		SolutionGuid = {70794822-EF35-40CC-A1D5-B43A893D41B2}
	EndGlobalSection
EndGlobal
